
# cargo-vet imports lock

[[publisher.async-trait]]
version = "0.1.89"
when = "2025-08-14"
user-id = 3618
user-login = "dtolnay"
user-name = "David Tolnay"

[[publisher.bumpalo]]
version = "3.19.0"
when = "2025-06-24"
user-id = 696
user-login = "fitzgen"
user-name = "Nick Fitzgerald"

[[publisher.erased-serde]]
version = "0.4.8"
when = "2025-09-14"
user-id = 3618
user-login = "dtolnay"
user-name = "David Tolnay"

[[publisher.itoa]]
version = "1.0.15"
when = "2025-03-03"
user-id = 3618
user-login = "dtolnay"
user-name = "David Tolnay"

[[publisher.proc-macro2]]
version = "1.0.101"
when = "2025-08-16"
user-id = 3618
user-login = "dtolnay"
user-name = "David Tolnay"

[[publisher.quote]]
version = "1.0.41"
when = "2025-09-29"
user-id = 3618
user-login = "dtolnay"
user-name = "David Tolnay"

[[publisher.rustversion]]
version = "1.0.22"
when = "2025-08-08"
user-id = 3618
user-login = "dtolnay"
user-name = "David Tolnay"

[[publisher.ryu]]
version = "1.0.20"
when = "2025-03-04"
user-id = 3618
user-login = "dtolnay"
user-name = "David Tolnay"

[[publisher.serde]]
version = "1.0.228"
when = "2025-09-27"
user-id = 3618
user-login = "dtolnay"
user-name = "David Tolnay"

[[publisher.serde-untagged]]
version = "0.1.9"
when = "2025-09-14"
user-id = 3618
user-login = "dtolnay"
user-name = "David Tolnay"

[[publisher.serde_core]]
version = "1.0.228"
when = "2025-09-27"
user-id = 3618
user-login = "dtolnay"
user-name = "David Tolnay"

[[publisher.serde_derive]]
version = "1.0.228"
when = "2025-09-27"
user-id = 3618
user-login = "dtolnay"
user-name = "David Tolnay"

[[publisher.serde_json]]
version = "1.0.145"
when = "2025-09-14"
user-id = 3618
user-login = "dtolnay"
user-name = "David Tolnay"

[[publisher.syn]]
version = "2.0.106"
when = "2025-08-16"
user-id = 3618
user-login = "dtolnay"
user-name = "David Tolnay"

[[publisher.thiserror]]
version = "2.0.17"
when = "2025-09-28"
user-id = 3618
user-login = "dtolnay"
user-name = "David Tolnay"

[[publisher.thiserror-impl]]
version = "2.0.17"
when = "2025-09-28"
user-id = 3618
user-login = "dtolnay"
user-name = "David Tolnay"

[[publisher.typeid]]
version = "1.0.3"
when = "2025-03-04"
user-id = 3618
user-login = "dtolnay"
user-name = "David Tolnay"

[[publisher.unicode-ident]]
version = "1.0.19"
when = "2025-09-10"
user-id = 3618
user-login = "dtolnay"
user-name = "David Tolnay"

[[publisher.wasi]]
version = "0.14.7+wasi-0.2.4"
when = "2025-09-15"
user-id = 1
user-login = "alexcrichton"
user-name = "Alex Crichton"

[[publisher.wasip2]]
version = "1.0.1+wasi-0.2.4"
when = "2025-09-15"
user-id = 1
user-login = "alexcrichton"
user-name = "Alex Crichton"

[[publisher.wit-bindgen]]
version = "0.43.0"
when = "2025-06-24"
user-id = 73222
user-login = "wasmtime-publish"

[[audits.bytecode-alliance.wildcard-audits.bumpalo]]
who = "Nick Fitzgerald <fitzgen@gmail.com>"
criteria = "safe-to-deploy"
user-id = 696 # Nick Fitzgerald (fitzgen)
start = "2019-03-16"
end = "2026-08-21"

[[audits.bytecode-alliance.wildcard-audits.wasi]]
who = "Alex Crichton <alex@alexcrichton.com>"
criteria = "safe-to-deploy"
user-id = 1 # Alex Crichton (alexcrichton)
start = "2025-08-10"
end = "2026-08-21"
notes = """
This is a Bytecode Alliance authored crate.
"""

[[audits.bytecode-alliance.wildcard-audits.wasip2]]
who = "Alex Crichton <alex@alexcrichton.com>"
criteria = "safe-to-deploy"
user-id = 1 # Alex Crichton (alexcrichton)
start = "2025-08-10"
end = "2026-08-21"
notes = """
This is a Bytecode Alliance authored crate.
"""

[[audits.bytecode-alliance.wildcard-audits.wit-bindgen]]
who = "Alex Crichton <alex@alexcrichton.com>"
criteria = "safe-to-deploy"
user-id = 73222 # wasmtime-publish
start = "2023-01-01"
end = "2026-06-03"
notes = """
The Bytecode Alliance uses the `wasmtime-publish` crates.io account to automate
publication of this crate from CI. This repository requires all PRs are reviewed
by a Bytecode Alliance maintainer and it owned by the Bytecode Alliance itself.
"""

[[audits.bytecode-alliance.audits.base64]]
who = "Pat Hickey <phickey@fastly.com>"
criteria = "safe-to-deploy"
version = "0.21.0"
notes = "This crate has no dependencies, no build.rs, and contains no unsafe code."

[[audits.bytecode-alliance.audits.base64]]
who = "Andrew Brown <andrew.brown@intel.com>"
criteria = "safe-to-deploy"
delta = "0.21.3 -> 0.22.1"

[[audits.bytecode-alliance.audits.cfg-if]]
who = "Alex Crichton <alex@alexcrichton.com>"
criteria = "safe-to-deploy"
version = "1.0.0"
notes = "I am the author of this crate."

[[audits.bytecode-alliance.audits.foreign-types]]
who = "Pat Hickey <phickey@fastly.com>"
criteria = "safe-to-deploy"
version = "0.3.2"
notes = "This crate defined a macro-rules which creates wrappers working with FFI types. The implementation of this crate appears to be safe, but each use of this macro would need to be vetted for correctness as well."

[[audits.bytecode-alliance.audits.foreign-types-shared]]
who = "Pat Hickey <phickey@fastly.com>"
criteria = "safe-to-deploy"
version = "0.1.1"

[[audits.bytecode-alliance.audits.futures-channel]]
who = "Joel Dice <joel.dice@gmail.com>"
criteria = "safe-to-deploy"
version = "0.3.31"

[[audits.bytecode-alliance.audits.futures-executor]]
who = "Joel Dice <joel.dice@gmail.com>"
criteria = "safe-to-deploy"
version = "0.3.31"

[[audits.bytecode-alliance.audits.futures-io]]
who = "Joel Dice <joel.dice@gmail.com>"
criteria = "safe-to-deploy"
version = "0.3.31"

[[audits.bytecode-alliance.audits.iana-time-zone-haiku]]
who = "Dan Gohman <dev@sunfishcode.online>"
criteria = "safe-to-deploy"
version = "0.1.2"

[[audits.bytecode-alliance.audits.miniz_oxide]]
who = "Alex Crichton <alex@alexcrichton.com>"
criteria = "safe-to-deploy"
version = "0.7.1"
notes = """
This crate is a Rust implementation of zlib compression/decompression and has
been used by default by the Rust standard library for quite some time. It's also
a default dependency of the popular `backtrace` crate for decompressing debug
information. This crate forbids unsafe code and does not otherwise access system
resources. It's originally a port of the `miniz.c` library as well, and given
its own longevity should be relatively hardened against some of the more common
compression-related issues.
"""

[[audits.bytecode-alliance.audits.miniz_oxide]]
who = "Alex Crichton <alex@alexcrichton.com>"
criteria = "safe-to-deploy"
delta = "0.7.1 -> 0.8.0"
notes = "Minor updates, using new Rust features like `const`, no major changes."

[[audits.bytecode-alliance.audits.miniz_oxide]]
who = "Alex Crichton <alex@alexcrichton.com>"
criteria = "safe-to-deploy"
delta = "0.8.0 -> 0.8.5"
notes = """
Lots of small updates here and there, for example around modernizing Rust
idioms. No new `unsafe` code and everything looks like what you'd expect a
compression library to be doing.
"""

[[audits.bytecode-alliance.audits.miniz_oxide]]
who = "Alex Crichton <alex@alexcrichton.com>"
criteria = "safe-to-deploy"
delta = "0.8.5 -> 0.8.9"
notes = "No new unsafe code, just refactorings."

[[audits.bytecode-alliance.audits.native-tls]]
who = "Pat Hickey <phickey@fastly.com>"
criteria = "safe-to-deploy"
version = "0.2.11"
notes = "build is only looking for environment variables to set cfg. only two minor uses of unsafe,on macos, with ffi bindings to digest primitives and libc atexit. otherwise, this is an abstraction over three very complex systems (schannel, security-framework, and openssl) which may end up having subtle differences, but none of those are apparent from the implementation of this crate"

[[audits.bytecode-alliance.audits.native-tls]]
who = "Alex Crichton <alex@alexcrichton.com>"
criteria = "safe-to-deploy"
delta = "0.2.11 -> 0.2.14"
notes = "Minor changes, mostly around updating some dependencies, directives, etc."

[[audits.bytecode-alliance.audits.num-traits]]
who = "Andrew Brown <andrew.brown@intel.com>"
criteria = "safe-to-deploy"
version = "0.2.19"
notes = "As advertised: a numeric library. The only `unsafe` is from some float-to-int conversions, which seems expected."

[[audits.bytecode-alliance.audits.pin-utils]]
who = "Pat Hickey <phickey@fastly.com>"
criteria = "safe-to-deploy"
version = "0.1.0"

[[audits.bytecode-alliance.audits.tokio-native-tls]]
who = "Pat Hickey <phickey@fastly.com>"
criteria = "safe-to-deploy"
version = "0.3.1"
notes = "unsafety is used for smuggling std::task::Context as a raw pointer. Lifetime and type safety appears to be taken care of correctly."

[[audits.bytecode-alliance.audits.vcpkg]]
who = "Pat Hickey <phickey@fastly.com>"
criteria = "safe-to-deploy"
version = "0.2.15"
notes = "no build.rs, no macros, no unsafe. It reads the filesystem and makes copies of DLLs into OUT_DIR."

[[audits.bytecode-alliance.audits.wit-bindgen]]
who = "Alex Crichton <alex@alexcrichton.com>"
criteria = "safe-to-deploy"
delta = "0.43.0 -> 0.45.0"
notes = "The Bytecode Alliance is the author of this crate"

[[audits.bytecode-alliance.audits.wit-bindgen]]
who = "Alex Crichton <alex@alexcrichton.com>"
criteria = "safe-to-deploy"
delta = "0.45.0 -> 0.45.1"
notes = "The Bytecode Alliance is the author of this crate"

[[audits.bytecode-alliance.audits.wit-bindgen]]
who = "Alex Crichton <alex@alexcrichton.com>"
criteria = "safe-to-deploy"
delta = "0.45.1 -> 0.46.0"
notes = "The Bytecode Alliance is the author of this crate"

[[audits.isrg.audits.base64]]
who = "Tim Geoghegan <timg@letsencrypt.org>"
criteria = "safe-to-deploy"
delta = "0.21.0 -> 0.21.1"

[[audits.isrg.audits.base64]]
who = "Brandon Pitman <bran@bran.land>"
criteria = "safe-to-deploy"
delta = "0.21.1 -> 0.21.2"

[[audits.isrg.audits.base64]]
who = "David Cook <dcook@divviup.org>"
criteria = "safe-to-deploy"
delta = "0.21.2 -> 0.21.3"

[[audits.isrg.audits.cfg-if]]
who = "David Cook <dcook@divviup.org>"
criteria = "safe-to-deploy"
delta = "1.0.0 -> 1.0.1"

[[audits.isrg.audits.cfg-if]]
who = "J.C. Jones <jc@divviup.org>"
criteria = "safe-to-deploy"
delta = "1.0.1 -> 1.0.3"

[[audits.isrg.audits.hmac]]
who = "David Cook <dcook@divviup.org>"
criteria = "safe-to-deploy"
version = "0.12.1"

[[audits.isrg.audits.rand]]
who = "David Cook <dcook@divviup.org>"
criteria = "safe-to-deploy"
delta = "0.8.5 -> 0.9.1"

[[audits.isrg.audits.rand]]
who = "Tim Geoghegan <timg@divviup.org>"
criteria = "safe-to-deploy"
delta = "0.9.1 -> 0.9.2"

[[audits.isrg.audits.rand_chacha]]
who = "David Cook <dcook@divviup.org>"
criteria = "safe-to-deploy"
version = "0.3.1"

[[audits.isrg.audits.rand_chacha]]
who = "David Cook <dcook@divviup.org>"
criteria = "safe-to-deploy"
delta = "0.3.1 -> 0.9.0"

[[audits.isrg.audits.rand_core]]
who = "David Cook <dcook@divviup.org>"
criteria = "safe-to-deploy"
delta = "0.6.4 -> 0.9.3"
